
Microsoft Visual Studio Solution File, Format Version 12.00
# Visual Studio Version 17
VisualStudioVersion = 17.11.35303.130
MinimumVisualStudioVersion = 10.0.40219.1
Project("{FAE04EC0-301F-11D3-BF4B-00C04F79EFBC}") = "gioco_della_sedia", "gioco_della_sedia.csproj", "{DF07DDD8-85E6-41AC-B271-E2B37D661259}"
EndProject
Global
	GlobalSection(SolutionConfigurationPlatforms) = preSolution
		Debug|Any CPU = Debug|Any CPU
		Release|Any CPU = Release|Any CPU
	EndGlobalSection
	GlobalSection(ProjectConfigurationPlatforms) = postSolution
		{DF07DDD8-85E6-41AC-B271-E2B37D661259}.Debug|Any CPU.ActiveCfg = Debug|Any CPU
		{DF07DDD8-85E6-41AC-B271-E2B37D661259}.Debug|Any CPU.Build.0 = Debug|Any CPU
		{DF07DDD8-85E6-41AC-B271-E2B37D661259}.Release|Any CPU.ActiveCfg = Release|Any CPU
		{DF07DDD8-85E6-41AC-B271-E2B37D661259}.Release|Any CPU.Build.0 = Release|Any CPU
	EndGlobalSection
	GlobalSection(SolutionProperties) = preSolution
		HideSolutionNode = FALSE
	EndGlobalSection
	GlobalSection(ExtensibilityGlobals) = postSolution
		SolutionGuid = {1B08894A-807E-4765-BE7C-4CAC409999AD}
	EndGlobalSection
EndGlobal
